
Microsoft Visual Studio Solution File, Format Version 12.00
# Visual Studio Version 16
VisualStudioVersion = 16.0.32228.343
MinimumVisualStudioVersion = 10.0.40219.1
Project("{FAE04EC0-301F-11D3-BF4B-00C04F79EFBC}") = "FE", "FE\FE.csproj", "{9EB796ED-CB64-44F8-8A00-B9420962BF85}"
EndProject
Project("{FAE04EC0-301F-11D3-BF4B-00C04F79EFBC}") = "FE.W", "FE.W\FE.W.csproj", "{D9D4922B-F9B1-4E24-A0A0-388E371D48C0}"
EndProject
Global
	GlobalSection(SolutionConfigurationPlatforms) = preSolution
		Debug|Any CPU = Debug|Any CPU
		Release|Any CPU = Release|Any CPU
	EndGlobalSection
	GlobalSection(ProjectConfigurationPlatforms) = postSolution
		{9EB796ED-CB64-44F8-8A00-B9420962BF85}.Debug|Any CPU.ActiveCfg = Debug|Any CPU
		{9EB796ED-CB64-44F8-8A00-B9420962BF85}.Debug|Any CPU.Build.0 = Debug|Any CPU
		{9EB796ED-CB64-44F8-8A00-B9420962BF85}.Release|Any CPU.ActiveCfg = Release|Any CPU
		{9EB796ED-CB64-44F8-8A00-B9420962BF85}.Release|Any CPU.Build.0 = Release|Any CPU
		{D9D4922B-F9B1-4E24-A0A0-388E371D48C0}.Debug|Any CPU.ActiveCfg = Debug|Any CPU
		{D9D4922B-F9B1-4E24-A0A0-388E371D48C0}.Debug|Any CPU.Build.0 = Debug|Any CPU
		{D9D4922B-F9B1-4E24-A0A0-388E371D48C0}.Release|Any CPU.ActiveCfg = Release|Any CPU
		{D9D4922B-F9B1-4E24-A0A0-388E371D48C0}.Release|Any CPU.Build.0 = Release|Any CPU
	EndGlobalSection
	GlobalSection(SolutionProperties) = preSolution
		HideSolutionNode = FALSE
	EndGlobalSection
	GlobalSection(ExtensibilityGlobals) = postSolution
		SolutionGuid = {3974613F-7824-4443-8BEC-91EE352B958E}
	EndGlobalSection
EndGlobal
