
Microsoft Visual Studio Solution File, Format Version 12.00
# Visual Studio Version 16
VisualStudioVersion = 16.0.31829.152
MinimumVisualStudioVersion = 10.0.40219.1
Project("{9A19103F-16F7-4668-BE54-9A1E7A4F7556}") = "API", "Semana02Api\API.csproj", "{9988E9FF-5270-4C77-A01D-D95E385AF3B8}"
EndProject
Project("{9A19103F-16F7-4668-BE54-9A1E7A4F7556}") = "BE.API", "BE.API\BE.API.csproj", "{870F52A0-45E4-49F5-B999-5D5BE94033F6}"
EndProject
Project("{9A19103F-16F7-4668-BE54-9A1E7A4F7556}") = "BE.BS", "BE.BS\BE.BS.csproj", "{0F68E6EC-4C8C-4D64-B7EA-7680BB61C0CC}"
EndProject
Project("{9A19103F-16F7-4668-BE54-9A1E7A4F7556}") = "BE.DAL", "BE.DAL\BE.DAL.csproj", "{5761674A-7FB3-40F2-A768-9C800B6FA26E}"
EndProject
Project("{9A19103F-16F7-4668-BE54-9A1E7A4F7556}") = "BE.DAL.DO", "BE.DAL.DO\BE.DAL.DO.csproj", "{E4E07F45-E88B-4060-974D-4802114AF787}"
EndProject
Project("{9A19103F-16F7-4668-BE54-9A1E7A4F7556}") = "BE.DAL.EF", "BE.DAL.EF\BE.DAL.EF.csproj", "{56FF3C26-1062-4D3D-A460-89FFC7C4FD65}"
EndProject
Project("{9A19103F-16F7-4668-BE54-9A1E7A4F7556}") = "BE.DAL.REPOSITORY", "BE.DAL.REPOSITORY\BE.DAL.REPOSITORY.csproj", "{A42C9024-D077-4174-8FE1-23DB1A1AC545}"
EndProject
Project("{2150E333-8FDC-42A3-9474-1A3956D46DE8}") = "Solution Items", "Solution Items", "{A790DDCF-6DE4-4237-A1A5-9EDAB2034722}"
	ProjectSection(SolutionItems) = preProject
		.editorconfig = .editorconfig
	EndProjectSection
EndProject
Global
	GlobalSection(SolutionConfigurationPlatforms) = preSolution
		Debug|Any CPU = Debug|Any CPU
		Release|Any CPU = Release|Any CPU
	EndGlobalSection
	GlobalSection(ProjectConfigurationPlatforms) = postSolution
		{9988E9FF-5270-4C77-A01D-D95E385AF3B8}.Debug|Any CPU.ActiveCfg = Debug|Any CPU
		{9988E9FF-5270-4C77-A01D-D95E385AF3B8}.Debug|Any CPU.Build.0 = Debug|Any CPU
		{9988E9FF-5270-4C77-A01D-D95E385AF3B8}.Release|Any CPU.ActiveCfg = Release|Any CPU
		{9988E9FF-5270-4C77-A01D-D95E385AF3B8}.Release|Any CPU.Build.0 = Release|Any CPU
		{870F52A0-45E4-49F5-B999-5D5BE94033F6}.Debug|Any CPU.ActiveCfg = Debug|Any CPU
		{870F52A0-45E4-49F5-B999-5D5BE94033F6}.Debug|Any CPU.Build.0 = Debug|Any CPU
		{870F52A0-45E4-49F5-B999-5D5BE94033F6}.Release|Any CPU.ActiveCfg = Release|Any CPU
		{870F52A0-45E4-49F5-B999-5D5BE94033F6}.Release|Any CPU.Build.0 = Release|Any CPU
		{0F68E6EC-4C8C-4D64-B7EA-7680BB61C0CC}.Debug|Any CPU.ActiveCfg = Debug|Any CPU
		{0F68E6EC-4C8C-4D64-B7EA-7680BB61C0CC}.Debug|Any CPU.Build.0 = Debug|Any CPU
		{0F68E6EC-4C8C-4D64-B7EA-7680BB61C0CC}.Release|Any CPU.ActiveCfg = Release|Any CPU
		{0F68E6EC-4C8C-4D64-B7EA-7680BB61C0CC}.Release|Any CPU.Build.0 = Release|Any CPU
		{5761674A-7FB3-40F2-A768-9C800B6FA26E}.Debug|Any CPU.ActiveCfg = Debug|Any CPU
		{5761674A-7FB3-40F2-A768-9C800B6FA26E}.Debug|Any CPU.Build.0 = Debug|Any CPU
		{5761674A-7FB3-40F2-A768-9C800B6FA26E}.Release|Any CPU.ActiveCfg = Release|Any CPU
		{5761674A-7FB3-40F2-A768-9C800B6FA26E}.Release|Any CPU.Build.0 = Release|Any CPU
		{E4E07F45-E88B-4060-974D-4802114AF787}.Debug|Any CPU.ActiveCfg = Debug|Any CPU
		{E4E07F45-E88B-4060-974D-4802114AF787}.Debug|Any CPU.Build.0 = Debug|Any CPU
		{E4E07F45-E88B-4060-974D-4802114AF787}.Release|Any CPU.ActiveCfg = Release|Any CPU
		{E4E07F45-E88B-4060-974D-4802114AF787}.Release|Any CPU.Build.0 = Release|Any CPU
		{56FF3C26-1062-4D3D-A460-89FFC7C4FD65}.Debug|Any CPU.ActiveCfg = Debug|Any CPU
		{56FF3C26-1062-4D3D-A460-89FFC7C4FD65}.Debug|Any CPU.Build.0 = Debug|Any CPU
		{56FF3C26-1062-4D3D-A460-89FFC7C4FD65}.Release|Any CPU.ActiveCfg = Release|Any CPU
		{56FF3C26-1062-4D3D-A460-89FFC7C4FD65}.Release|Any CPU.Build.0 = Release|Any CPU
		{A42C9024-D077-4174-8FE1-23DB1A1AC545}.Debug|Any CPU.ActiveCfg = Debug|Any CPU
		{A42C9024-D077-4174-8FE1-23DB1A1AC545}.Debug|Any CPU.Build.0 = Debug|Any CPU
		{A42C9024-D077-4174-8FE1-23DB1A1AC545}.Release|Any CPU.ActiveCfg = Release|Any CPU
		{A42C9024-D077-4174-8FE1-23DB1A1AC545}.Release|Any CPU.Build.0 = Release|Any CPU
	EndGlobalSection
	GlobalSection(SolutionProperties) = preSolution
		HideSolutionNode = FALSE
	EndGlobalSection
	GlobalSection(ExtensibilityGlobals) = postSolution
		SolutionGuid = {1C261A04-2889-41AA-96D0-016F0B85314E}
	EndGlobalSection
EndGlobal
